
Microsoft Visual Studio Solution File, Format Version 12.00
# Visual Studio Version 17
VisualStudioVersion = 17.12.35707.178
MinimumVisualStudioVersion = 10.0.40219.1
Project("{FAE04EC0-301F-11D3-BF4B-00C04F79EFBC}") = "POS", "POS\POS.csproj", "{31D9EBFF-8442-4D16-9AD2-EB088180CFBA}"
EndProject
Project("{FAE04EC0-301F-11D3-BF4B-00C04F79EFBC}") = "POS.Models", "POS.Models\POS.Models.csproj", "{7E885AD2-51E1-4637-B5F3-2F1720F099F0}"
EndProject
Project("{FAE04EC0-301F-11D3-BF4B-00C04F79EFBC}") = "POS.Core", "POS.Infrastructure\POS.Core.csproj", "{9FC97791-413C-4602-9835-40A5AF43A387}"
EndProject
Project("{FAE04EC0-301F-11D3-BF4B-00C04F79EFBC}") = "POS.Infrastructure", "POS.Core\POS.Infrastructure.csproj", "{A58F32A8-EEBC-4436-9B48-C8A28EF46DCF}"
EndProject
Global
	GlobalSection(SolutionConfigurationPlatforms) = preSolution
		Debug|Any CPU = Debug|Any CPU
		Release|Any CPU = Release|Any CPU
	EndGlobalSection
	GlobalSection(ProjectConfigurationPlatforms) = postSolution
		{31D9EBFF-8442-4D16-9AD2-EB088180CFBA}.Debug|Any CPU.ActiveCfg = Debug|Any CPU
		{31D9EBFF-8442-4D16-9AD2-EB088180CFBA}.Debug|Any CPU.Build.0 = Debug|Any CPU
		{31D9EBFF-8442-4D16-9AD2-EB088180CFBA}.Release|Any CPU.ActiveCfg = Release|Any CPU
		{31D9EBFF-8442-4D16-9AD2-EB088180CFBA}.Release|Any CPU.Build.0 = Release|Any CPU
		{7E885AD2-51E1-4637-B5F3-2F1720F099F0}.Debug|Any CPU.ActiveCfg = Debug|Any CPU
		{7E885AD2-51E1-4637-B5F3-2F1720F099F0}.Debug|Any CPU.Build.0 = Debug|Any CPU
		{7E885AD2-51E1-4637-B5F3-2F1720F099F0}.Release|Any CPU.ActiveCfg = Release|Any CPU
		{7E885AD2-51E1-4637-B5F3-2F1720F099F0}.Release|Any CPU.Build.0 = Release|Any CPU
		{9FC97791-413C-4602-9835-40A5AF43A387}.Debug|Any CPU.ActiveCfg = Debug|Any CPU
		{9FC97791-413C-4602-9835-40A5AF43A387}.Debug|Any CPU.Build.0 = Debug|Any CPU
		{9FC97791-413C-4602-9835-40A5AF43A387}.Release|Any CPU.ActiveCfg = Release|Any CPU
		{9FC97791-413C-4602-9835-40A5AF43A387}.Release|Any CPU.Build.0 = Release|Any CPU
		{A58F32A8-EEBC-4436-9B48-C8A28EF46DCF}.Debug|Any CPU.ActiveCfg = Debug|Any CPU
		{A58F32A8-EEBC-4436-9B48-C8A28EF46DCF}.Debug|Any CPU.Build.0 = Debug|Any CPU
		{A58F32A8-EEBC-4436-9B48-C8A28EF46DCF}.Release|Any CPU.ActiveCfg = Release|Any CPU
		{A58F32A8-EEBC-4436-9B48-C8A28EF46DCF}.Release|Any CPU.Build.0 = Release|Any CPU
	EndGlobalSection
	GlobalSection(SolutionProperties) = preSolution
		HideSolutionNode = FALSE
	EndGlobalSection
EndGlobal
